
Microsoft Visual Studio Solution File, Format Version 12.00
# Visual Studio Version 17
VisualStudioVersion = 17.5.002.0
MinimumVisualStudioVersion = 10.0.40219.1
Project("{9A19103F-16F7-4668-BE54-9A1E7A4F7556}") = "Sistema de autenticação", "Sistema de autenticação.csproj", "{AEF3AD5C-E76D-484E-8468-ED869F973411}"
EndProject
Global
	GlobalSection(SolutionConfigurationPlatforms) = preSolution
		Debug|Any CPU = Debug|Any CPU
		Release|Any CPU = Release|Any CPU
	EndGlobalSection
	GlobalSection(ProjectConfigurationPlatforms) = postSolution
		{AEF3AD5C-E76D-484E-8468-ED869F973411}.Debug|Any CPU.ActiveCfg = Debug|Any CPU
		{AEF3AD5C-E76D-484E-8468-ED869F973411}.Debug|Any CPU.Build.0 = Debug|Any CPU
		{AEF3AD5C-E76D-484E-8468-ED869F973411}.Release|Any CPU.ActiveCfg = Release|Any CPU
		{AEF3AD5C-E76D-484E-8468-ED869F973411}.Release|Any CPU.Build.0 = Release|Any CPU
	EndGlobalSection
	GlobalSection(SolutionProperties) = preSolution
		HideSolutionNode = FALSE
	EndGlobalSection
	GlobalSection(ExtensibilityGlobals) = postSolution
		SolutionGuid = {B7F33F4F-BD98-4514-BFFE-AD3B39929747}
	EndGlobalSection
EndGlobal
